{
  "originHash" : "ba5d9f47ff47689e63598cb4c794401a0d9b7dbddf3c9b8c7a391e2e77453029",
  "pins" : [
    {
      "identity" : "dbthreadsafe-ios",
      "kind" : "remoteSourceControl",
      "location" : "https://github.com/dodobrands/DBThreadSafe-ios.git",
      "state" : {
        "revision" : "19a7f347f721a5c18aa275fc2d5bc207c536d4a3",
        "version" : "2.2.0"
      }
    },
    {
      "identity" : "swift-docc-plugin",
      "kind" : "remoteSourceControl",
      "location" : "https://github.com/apple/swift-docc-plugin",
      "state" : {
        "revision" : "85e4bb4e1cd62cec64a4b8e769dcefdf0c5b9d64",
        "version" : "1.4.3"
      }
    },
    {
      "identity" : "swift-docc-symbolkit",
      "kind" : "remoteSourceControl",
      "location" : "https://github.com/swiftlang/swift-docc-symbolkit",
      "state" : {
        "revision" : "b45d1f2ed151d057b54504d653e0da5552844e34",
        "version" : "1.0.0"
      }
    }
  ],
  "version" : 3
}
