{
  "originHash" : "5d149d280f7f168e1ed2852f2a457b1316bf69e4da195a560644335cd8b30503",
  "pins" : [
    {
      "identity" : "dbthreadsafe-ios",
      "kind" : "remoteSourceControl",
      "location" : "https://github.com/dodobrands/DBThreadSafe-ios.git",
      "state" : {
        "revision" : "f0aacbe9f5373d507644814617f6df3fdb7522ac",
        "version" : "2.1.0"
      }
    },
    {
      "identity" : "swift-docc-plugin",
      "kind" : "remoteSourceControl",
      "location" : "https://github.com/apple/swift-docc-plugin",
      "state" : {
        "revision" : "85e4bb4e1cd62cec64a4b8e769dcefdf0c5b9d64",
        "version" : "1.4.3"
      }
    },
    {
      "identity" : "swift-docc-symbolkit",
      "kind" : "remoteSourceControl",
      "location" : "https://github.com/swiftlang/swift-docc-symbolkit",
      "state" : {
        "revision" : "b45d1f2ed151d057b54504d653e0da5552844e34",
        "version" : "1.0.0"
      }
    }
  ],
  "version" : 3
}
